// !$*UTF8*$!
{
	archiveVersion = 1;
	classes = {
	};
	objectVersion = 48;
	objects = {

/* Begin PBXBuildFile section */
		45AC7D301FE75BB3006B20A5 /* SystemUptime.mm in Sources */ = {isa = PBXBuildFile; fileRef = 45AC7D2F1FE75BB3006B20A5 /* SystemUptime.mm */; };
		45AC7D311FE75BB3006B20A5 /* SystemUptime.h in CopyFiles */ = {isa = PBXBuildFile; fileRef = 45AC7D2E1FE75BB3006B20A5 /* SystemUptime.h */; };
/* End PBXBuildFile section */

/* Begin PBXCopyFilesBuildPhase section */
		45AC7D291FE75BB3006B20A5 /* CopyFiles */ = {
			isa = PBXCopyFilesBuildPhase;
			buildActionMask = 2147483647;
			dstPath = "include/$(PRODUCT_NAME)";
			dstSubfolderSpec = 16;
			files = (
				45AC7D311FE75BB3006B20A5 /* SystemUptime.h in CopyFiles */,
			);
			runOnlyForDeploymentPostprocessing = 0;
		};
/* End PBXCopyFilesBuildPhase section */

/* Begin PBXFileReference section */
		45AC7D2B1FE75BB3006B20A5 /* libSystemUptime.a */ = {isa = PBXFileReference; explicitFileType = archive.ar; includeInIndex = 0; path = libSystemUptime.a; sourceTree = BUILT_PRODUCTS_DIR; };
		45AC7D2E1FE75BB3006B20A5 /* SystemUptime.h */ = {isa = PBXFileReference; lastKnownFileType = sourcecode.c.h; path = SystemUptime.h; sourceTree = "<group>"; };
		45AC7D2F1FE75BB3006B20A5 /* SystemUptime.mm */ = {isa = PBXFileReference; lastKnownFileType = sourcecode.cpp.objcpp; path = SystemUptime.mm; sourceTree = "<group>"; };
/* End PBXFileReference section */

/* Begin PBXFrameworksBuildPhase section */
		45AC7D281FE75BB3006B20A5 /* Frameworks */ = {
			isa = PBXFrameworksBuildPhase;
			buildActionMask = 2147483647;
			files = (
			);
			runOnlyForDeploymentPostprocessing = 0;
		};
/* End PBXFrameworksBuildPhase section */

/* Begin PBXGroup section */
		45AC7D221FE75BB3006B20A5 = {
			isa = PBXGroup;
			children = (
				45AC7D2D1FE75BB3006B20A5 /* SystemUptime */,
				45AC7D2C1FE75BB3006B20A5 /* Products */,
			);
			sourceTree = "<group>";
		};
		45AC7D2C1FE75BB3006B20A5 /* Products */ = {
			isa = PBXGroup;
			children = (
				45AC7D2B1FE75BB3006B20A5 /* libSystemUptime.a */,
			);
			name = Products;
			sourceTree = "<group>";
		};
		45AC7D2D1FE75BB3006B20A5 /* SystemUptime */ = {
			isa = PBXGroup;
			children = (
				45AC7D2E1FE75BB3006B20A5 /* SystemUptime.h */,
				45AC7D2F1FE75BB3006B20A5 /* SystemUptime.mm */,
			);
			path = SystemUptime;
			sourceTree = "<group>";
		};
/* End PBXGroup section */

/* Begin PBXNativeTarget section */
		45AC7D2A1FE75BB3006B20A5 /* SystemUptime */ = {
			isa = PBXNativeTarget;
			buildConfigurationList = 45AC7D341FE75BB3006B20A5 /* Build configuration list for PBXNativeTarget "SystemUptime" */;
			buildPhases = (
				45AC7D271FE75BB3006B20A5 /* Sources */,
				45AC7D281FE75BB3006B20A5 /* Frameworks */,
				45AC7D291FE75BB3006B20A5 /* CopyFiles */,
			);
			buildRules = (
			);
			dependencies = (
			);
			name = SystemUptime;
			productName = SystemUptime;
			productReference = 45AC7D2B1FE75BB3006B20A5 /* libSystemUptime.a */;
			productType = "com.apple.product-type.library.static";
		};
/* End PBXNativeTarget section */

/* Begin PBXProject section */
		45AC7D231FE75BB3006B20A5 /* Project object */ = {
			isa = PBXProject;
			attributes = {
				LastUpgradeCheck = 0920;
				ORGANIZATIONNAME = "Minh Huy Ha";
				TargetAttributes = {
					45AC7D2A1FE75BB3006B20A5 = {
						CreatedOnToolsVersion = 9.2;
						ProvisioningStyle = Automatic;
					};
				};
			};
			buildConfigurationList = 45AC7D261FE75BB3006B20A5 /* Build configuration list for PBXProject "SystemUptime" */;
			compatibilityVersion = "Xcode 8.0";
			developmentRegion = en;
			hasScannedForEncodings = 0;
			knownRegions = (
				en,
			);
			mainGroup = 45AC7D221FE75BB3006B20A5;
			productRefGroup = 45AC7D2C1FE75BB3006B20A5 /* Products */;
			projectDirPath = "";
			projectRoot = "";
			targets = (
				45AC7D2A1FE75BB3006B20A5 /* SystemUptime */,
			);
		};
/* End PBXProject section */

/* Begin PBXSourcesBuildPhase section */
		45AC7D271FE75BB3006B20A5 /* Sources */ = {
			isa = PBXSourcesBuildPhase;
			buildActionMask = 2147483647;
			files = (
				45AC7D301FE75BB3006B20A5 /* SystemUptime.mm in Sources */,
			);
			runOnlyForDeploymentPostprocessing = 0;
		};
/* End PBXSourcesBuildPhase section */

/* Begin XCBuildConfiguration section */
		45AC7D321FE75BB3006B20A5 /* Debug */ = {
			isa = XCBuildConfiguration;
			buildSettings = {
				ALWAYS_SEARCH_USER_PATHS = NO;
				CLANG_ANALYZER_NONNULL = YES;
				CLANG_ANALYZER_NUMBER_OBJECT_CONVERSION = YES_AGGRESSIVE;
				CLANG_CXX_LANGUAGE_STANDARD = "gnu++14";
				CLANG_CXX_LIBRARY = "libc++";
				CLANG_ENABLE_MODULES = YES;
				CLANG_ENABLE_OBJC_ARC = YES;
				CLANG_WARN_BLOCK_CAPTURE_AUTORELEASING = YES;
				CLANG_WARN_BOOL_CONVERSION = YES;
				CLANG_WARN_COMMA = YES;
				CLANG_WARN_CONSTANT_CONVERSION = YES;
				CLANG_WARN_DIRECT_OBJC_ISA_USAGE = YES_ERROR;
				CLANG_WARN_DOCUMENTATION_COMMENTS = YES;
				CLANG_WARN_EMPTY_BODY = YES;
				CLANG_WARN_ENUM_CONVERSION = YES;
				CLANG_WARN_INFINITE_RECURSION = YES;
				CLANG_WARN_INT_CONVERSION = YES;
				CLANG_WARN_NON_LITERAL_NULL_CONVERSION = YES;
				CLANG_WARN_OBJC_LITERAL_CONVERSION = YES;
				CLANG_WARN_OBJC_ROOT_CLASS = YES_ERROR;
				CLANG_WARN_RANGE_LOOP_ANALYSIS = YES;
				CLANG_WARN_STRICT_PROTOTYPES = YES;
				CLANG_WARN_SUSPICIOUS_MOVE = YES;
				CLANG_WARN_UNGUARDED_AVAILABILITY = YES_AGGRESSIVE;
				CLANG_WARN_UNREACHABLE_CODE = YES;
				CLANG_WARN__DUPLICATE_METHOD_MATCH = YES;
				CODE_SIGN_IDENTITY = "iPhone Developer";
				COPY_PHASE_STRIP = NO;
				DEBUG_INFORMATION_FORMAT = dwarf;
				ENABLE_STRICT_OBJC_MSGSEND = YES;
				ENABLE_TESTABILITY = YES;
				GCC_C_LANGUAGE_STANDARD = gnu11;
				GCC_DYNAMIC_NO_PIC = NO;
				GCC_NO_COMMON_BLOCKS = YES;
				GCC_OPTIMIZATION_LEVEL = 0;
				GCC_PREPROCESSOR_DEFINITIONS = (
					"DEBUG=1",
					"$(inherited)",
				);
				GCC_WARN_64_TO_32_BIT_CONVERSION = YES;
				GCC_WARN_ABOUT_RETURN_TYPE = YES_ERROR;
				GCC_WARN_UNDECLARED_SELECTOR = YES;
				GCC_WARN_UNINITIALIZED_AUTOS = YES_AGGRESSIVE;
				GCC_WARN_UNUSED_FUNCTION = YES;
				GCC_WARN_UNUSED_VARIABLE = YES;
				IPHONEOS_DEPLOYMENT_TARGET = 11.2;
				MTL_ENABLE_DEBUG_INFO = YES;
				ONLY_ACTIVE_ARCH = YES;
				SDKROOT = iphoneos;
			};
			name = Debug;
		};
		45AC7D331FE75BB3006B20A5 /* Release */ = {
			isa = XCBuildConfiguration;
			buildSettings = {
				ALWAYS_SEARCH_USER_PATHS = NO;
				CLANG_ANALYZER_NONNULL = YES;
				CLANG_ANALYZER_NUMBER_OBJECT_CONVERSION = YES_AGGRESSIVE;
				CLANG_CXX_LANGUAGE_STANDARD = "gnu++14";
				CLANG_CXX_LIBRARY = "libc++";
				CLANG_ENABLE_MODULES = YES;
				CLANG_ENABLE_OBJC_ARC = YES;
				CLANG_WARN_BLOCK_CAPTURE_AUTORELEASING = YES;
				CLANG_WARN_BOOL_CONVERSION = YES;
				CLANG_WARN_COMMA = YES;
				CLANG_WARN_CONSTANT_CONVERSION = YES;
				CLANG_WARN_DIRECT_OBJC_ISA_USAGE = YES_ERROR;
				CLANG_WARN_DOCUMENTATION_COMMENTS = YES;
				CLANG_WARN_EMPTY_BODY = YES;
				CLANG_WARN_ENUM_CONVERSION = YES;
				CLANG_WARN_INFINITE_RECURSION = YES;
				CLANG_WARN_INT_CONVERSION = YES;
				CLANG_WARN_NON_LITERAL_NULL_CONVERSION = YES;
				CLANG_WARN_OBJC_LITERAL_CONVERSION = YES;
				CLANG_WARN_OBJC_ROOT_CLASS = YES_ERROR;
				CLANG_WARN_RANGE_LOOP_ANALYSIS = YES;
				CLANG_WARN_STRICT_PROTOTYPES = YES;
				CLANG_WARN_SUSPICIOUS_MOVE = YES;
				CLANG_WARN_UNGUARDED_AVAILABILITY = YES_AGGRESSIVE;
				CLANG_WARN_UNREACHABLE_CODE = YES;
				CLANG_WARN__DUPLICATE_METHOD_MATCH = YES;
				CODE_SIGN_IDENTITY = "iPhone Developer";
				COPY_PHASE_STRIP = NO;
				DEBUG_INFORMATION_FORMAT = "dwarf-with-dsym";
				ENABLE_NS_ASSERTIONS = NO;
				ENABLE_STRICT_OBJC_MSGSEND = YES;
				GCC_C_LANGUAGE_STANDARD = gnu11;
				GCC_NO_COMMON_BLOCKS = YES;
				GCC_WARN_64_TO_32_BIT_CONVERSION = YES;
				GCC_WARN_ABOUT_RETURN_TYPE = YES_ERROR;
				GCC_WARN_UNDECLARED_SELECTOR = YES;
				GCC_WARN_UNINITIALIZED_AUTOS = YES_AGGRESSIVE;
				GCC_WARN_UNUSED_FUNCTION = YES;
				GCC_WARN_UNUSED_VARIABLE = YES;
				IPHONEOS_DEPLOYMENT_TARGET = 11.2;
				MTL_ENABLE_DEBUG_INFO = NO;
				SDKROOT = iphoneos;
				VALIDATE_PRODUCT = YES;
			};
			name = Release;
		};
		45AC7D351FE75BB3006B20A5 /* Debug */ = {
			isa = XCBuildConfiguration;
			buildSettings = {
				CODE_SIGN_STYLE = Automatic;
				DEVELOPMENT_TEAM = Q3P7Y64VQG;
				OTHER_LDFLAGS = "-ObjC";
				PRODUCT_NAME = "$(TARGET_NAME)";
				SKIP_INSTALL = YES;
				TARGETED_DEVICE_FAMILY = "1,2";
			};
			name = Debug;
		};
		45AC7D361FE75BB3006B20A5 /* Release */ = {
			isa = XCBuildConfiguration;
			buildSettings = {
				CODE_SIGN_STYLE = Automatic;
				DEVELOPMENT_TEAM = Q3P7Y64VQG;
				OTHER_LDFLAGS = "-ObjC";
				PRODUCT_NAME = "$(TARGET_NAME)";
				SKIP_INSTALL = YES;
				TARGETED_DEVICE_FAMILY = "1,2";
			};
			name = Release;
		};
/* End XCBuildConfiguration section */

/* Begin XCConfigurationList section */
		45AC7D261FE75BB3006B20A5 /* Build configuration list for PBXProject "SystemUptime" */ = {
			isa = XCConfigurationList;
			buildConfigurations = (
				45AC7D321FE75BB3006B20A5 /* Debug */,
				45AC7D331FE75BB3006B20A5 /* Release */,
			);
			defaultConfigurationIsVisible = 0;
			defaultConfigurationName = Release;
		};
		45AC7D341FE75BB3006B20A5 /* Build configuration list for PBXNativeTarget "SystemUptime" */ = {
			isa = XCConfigurationList;
			buildConfigurations = (
				45AC7D351FE75BB3006B20A5 /* Debug */,
				45AC7D361FE75BB3006B20A5 /* Release */,
			);
			defaultConfigurationIsVisible = 0;
			defaultConfigurationName = Release;
		};
/* End XCConfigurationList section */
	};
	rootObject = 45AC7D231FE75BB3006B20A5 /* Project object */;
}
